
Microsoft Visual Studio Solution File, Format Version 12.00
# Visual Studio Version 16
VisualStudioVersion = 16.0.29609.76
MinimumVisualStudioVersion = 10.0.40219.1
Project("{FAE04EC0-301F-11D3-BF4B-00C04F79EFBC}") = "MVC-SQLCE", "MVC-SQLCE\MVC-SQLCE.csproj", "{D1119DDE-6267-4FDD-BD6F-73F68E9370E1}"
EndProject
Global
	GlobalSection(SolutionConfigurationPlatforms) = preSolution
		Debug|Any CPU = Debug|Any CPU
		Release|Any CPU = Release|Any CPU
	EndGlobalSection
	GlobalSection(ProjectConfigurationPlatforms) = postSolution
		{D1119DDE-6267-4FDD-BD6F-73F68E9370E1}.Debug|Any CPU.ActiveCfg = Debug|Any CPU
		{D1119DDE-6267-4FDD-BD6F-73F68E9370E1}.Debug|Any CPU.Build.0 = Debug|Any CPU
		{D1119DDE-6267-4FDD-BD6F-73F68E9370E1}.Release|Any CPU.ActiveCfg = Release|Any CPU
		{D1119DDE-6267-4FDD-BD6F-73F68E9370E1}.Release|Any CPU.Build.0 = Release|Any CPU
	EndGlobalSection
	GlobalSection(SolutionProperties) = preSolution
		HideSolutionNode = FALSE
	EndGlobalSection
	GlobalSection(ExtensibilityGlobals) = postSolution
		SolutionGuid = {C3BF84FB-05CA-4D37-A784-92E8A57C3D39}
	EndGlobalSection
EndGlobal
