
Microsoft Visual Studio Solution File, Format Version 12.00
# Visual Studio Version 16
VisualStudioVersion = 16.0.29609.76
MinimumVisualStudioVersion = 10.0.40219.1
Project("{FAE04EC0-301F-11D3-BF4B-00C04F79EFBC}") = "MVC-SQLITE", "MVC-SQLITE\MVC-SQLITE.csproj", "{66C43EE5-D2DB-42A7-90E3-162A0059046E}"
EndProject
Global
	GlobalSection(SolutionConfigurationPlatforms) = preSolution
		Debug|Any CPU = Debug|Any CPU
		Release|Any CPU = Release|Any CPU
	EndGlobalSection
	GlobalSection(ProjectConfigurationPlatforms) = postSolution
		{66C43EE5-D2DB-42A7-90E3-162A0059046E}.Debug|Any CPU.ActiveCfg = Debug|Any CPU
		{66C43EE5-D2DB-42A7-90E3-162A0059046E}.Debug|Any CPU.Build.0 = Debug|Any CPU
		{66C43EE5-D2DB-42A7-90E3-162A0059046E}.Release|Any CPU.ActiveCfg = Release|Any CPU
		{66C43EE5-D2DB-42A7-90E3-162A0059046E}.Release|Any CPU.Build.0 = Release|Any CPU
	EndGlobalSection
	GlobalSection(SolutionProperties) = preSolution
		HideSolutionNode = FALSE
	EndGlobalSection
	GlobalSection(ExtensibilityGlobals) = postSolution
		SolutionGuid = {85884DAB-AD49-4FD2-8EEF-609659EAC264}
	EndGlobalSection
EndGlobal
